
Microsoft Visual Studio Solution File, Format Version 12.00
# Visual Studio Version 16
VisualStudioVersion = 16.0.29519.87
MinimumVisualStudioVersion = 10.0.40219.1
Project("{FAE04EC0-301F-11D3-BF4B-00C04F79EFBC}") = "AspNetCore.CorrelationId", "AspNetCore.CorrelationId\AspNetCore.CorrelationId.csproj", "{D8B62831-D6E3-4B6C-99EF-F1FA4F7D6AA6}"
EndProject
Global
	GlobalSection(SolutionConfigurationPlatforms) = preSolution
		Debug|Any CPU = Debug|Any CPU
		Release|Any CPU = Release|Any CPU
	EndGlobalSection
	GlobalSection(ProjectConfigurationPlatforms) = postSolution
		{D8B62831-D6E3-4B6C-99EF-F1FA4F7D6AA6}.Debug|Any CPU.ActiveCfg = Debug|Any CPU
		{D8B62831-D6E3-4B6C-99EF-F1FA4F7D6AA6}.Debug|Any CPU.Build.0 = Debug|Any CPU
		{D8B62831-D6E3-4B6C-99EF-F1FA4F7D6AA6}.Release|Any CPU.ActiveCfg = Release|Any CPU
		{D8B62831-D6E3-4B6C-99EF-F1FA4F7D6AA6}.Release|Any CPU.Build.0 = Release|Any CPU
	EndGlobalSection
	GlobalSection(SolutionProperties) = preSolution
		HideSolutionNode = FALSE
	EndGlobalSection
	GlobalSection(ExtensibilityGlobals) = postSolution
		SolutionGuid = {A08F897D-706D-4809-9FFE-1979186E7DC5}
	EndGlobalSection
EndGlobal
